
Microsoft Visual Studio Solution File, Format Version 12.00
# Visual Studio Version 17
VisualStudioVersion = 17.6.33801.468
MinimumVisualStudioVersion = 10.0.40219.1
Project("{FAE04EC0-301F-11D3-BF4B-00C04F79EFBC}") = "array-reverse", "array-reverse\array-reverse.csproj", "{A80F21EC-CA0A-4D29-A2B4-08505C7FD9CE}"
EndProject
Global
	GlobalSection(SolutionConfigurationPlatforms) = preSolution
		Debug|Any CPU = Debug|Any CPU
		Release|Any CPU = Release|Any CPU
	EndGlobalSection
	GlobalSection(ProjectConfigurationPlatforms) = postSolution
		{A80F21EC-CA0A-4D29-A2B4-08505C7FD9CE}.Debug|Any CPU.ActiveCfg = Debug|Any CPU
		{A80F21EC-CA0A-4D29-A2B4-08505C7FD9CE}.Debug|Any CPU.Build.0 = Debug|Any CPU
		{A80F21EC-CA0A-4D29-A2B4-08505C7FD9CE}.Release|Any CPU.ActiveCfg = Release|Any CPU
		{A80F21EC-CA0A-4D29-A2B4-08505C7FD9CE}.Release|Any CPU.Build.0 = Release|Any CPU
	EndGlobalSection
	GlobalSection(SolutionProperties) = preSolution
		HideSolutionNode = FALSE
	EndGlobalSection
	GlobalSection(ExtensibilityGlobals) = postSolution
		SolutionGuid = {00763466-74A5-4627-BA31-2B164CD010BB}
	EndGlobalSection
EndGlobal
